
Microsoft Visual Studio Solution File, Format Version 12.00
# Visual Studio Version 17
VisualStudioVersion = 17.10.35201.131
MinimumVisualStudioVersion = 10.0.40219.1
Project("{FAE04EC0-301F-11D3-BF4B-00C04F79EFBC}") = "BookSales.API", "BookSales.API\BookSales.API.csproj", "{3C559909-16E7-4B60-974A-CD0F33B26B06}"
EndProject
Global
	GlobalSection(SolutionConfigurationPlatforms) = preSolution
		Debug|Any CPU = Debug|Any CPU
		Release|Any CPU = Release|Any CPU
	EndGlobalSection
	GlobalSection(ProjectConfigurationPlatforms) = postSolution
		{3C559909-16E7-4B60-974A-CD0F33B26B06}.Debug|Any CPU.ActiveCfg = Debug|Any CPU
		{3C559909-16E7-4B60-974A-CD0F33B26B06}.Debug|Any CPU.Build.0 = Debug|Any CPU
		{3C559909-16E7-4B60-974A-CD0F33B26B06}.Release|Any CPU.ActiveCfg = Release|Any CPU
		{3C559909-16E7-4B60-974A-CD0F33B26B06}.Release|Any CPU.Build.0 = Release|Any CPU
	EndGlobalSection
	GlobalSection(SolutionProperties) = preSolution
		HideSolutionNode = FALSE
	EndGlobalSection
	GlobalSection(ExtensibilityGlobals) = postSolution
		SolutionGuid = {698257A6-AC12-4A55-BDC6-732AB749D205}
	EndGlobalSection
EndGlobal
